
Microsoft Visual Studio Solution File, Format Version 12.00
# Visual Studio Version 17
VisualStudioVersion = 17.7.34221.43
MinimumVisualStudioVersion = 10.0.40219.1
Project("{FAE04EC0-301F-11D3-BF4B-00C04F79EFBC}") = "Assignment", "Assignment\Assignment.csproj", "{63D1937B-5019-4454-ACD1-BBC76D05368B}"
EndProject
Global
	GlobalSection(SolutionConfigurationPlatforms) = preSolution
		Debug|Any CPU = Debug|Any CPU
		Release|Any CPU = Release|Any CPU
	EndGlobalSection
	GlobalSection(ProjectConfigurationPlatforms) = postSolution
		{63D1937B-5019-4454-ACD1-BBC76D05368B}.Debug|Any CPU.ActiveCfg = Debug|Any CPU
		{63D1937B-5019-4454-ACD1-BBC76D05368B}.Debug|Any CPU.Build.0 = Debug|Any CPU
		{63D1937B-5019-4454-ACD1-BBC76D05368B}.Release|Any CPU.ActiveCfg = Release|Any CPU
		{63D1937B-5019-4454-ACD1-BBC76D05368B}.Release|Any CPU.Build.0 = Release|Any CPU
	EndGlobalSection
	GlobalSection(SolutionProperties) = preSolution
		HideSolutionNode = FALSE
	EndGlobalSection
	GlobalSection(ExtensibilityGlobals) = postSolution
		SolutionGuid = {42B6D75F-A4A3-4DF8-A2AE-BAB9A746398D}
	EndGlobalSection
EndGlobal
